// !$*UTF8*$!
{
	archiveVersion = 1;
	classes = {
	};
	objectVersion = 46;
	objects = {

/* Begin PBXBuildFile section */
		0C9608B45D402ADE3D66E647 /* Pods_diaryTests.framework in Frameworks */ = {isa = PBXBuildFile; fileRef = ABFBCEFC6D05C2B77C8E17B0 /* Pods_diaryTests.framework */; };
		C66A81D61D1D827500F0BE98 /* Diary.swift in Sources */ = {isa = PBXBuildFile; fileRef = C66A81D51D1D827500F0BE98 /* Diary.swift */; };
		C66D403A1D23EB8400220C1A /* TitleViewController.swift in Sources */ = {isa = PBXBuildFile; fileRef = C66D40391D23EB8400220C1A /* TitleViewController.swift */; };
		C681E9611D1CFA270006ABCD /* BookShelfViewController.swift in Sources */ = {isa = PBXBuildFile; fileRef = C681E9601D1CFA270006ABCD /* BookShelfViewController.swift */; };
		C681E9631D1D040C0006ABCD /* RegistrationViewController.swift in Sources */ = {isa = PBXBuildFile; fileRef = C681E9621D1D040C0006ABCD /* RegistrationViewController.swift */; };
		C6C310921D1E5061008C6F74 /* Contents.json in Resources */ = {isa = PBXBuildFile; fileRef = C6C3107C1D1E5061008C6F74 /* Contents.json */; };
		C6C310931D1E5061008C6F74 /* Icon-40.png in Resources */ = {isa = PBXBuildFile; fileRef = C6C3107D1D1E5061008C6F74 /* Icon-40.png */; };
		C6C310941D1E5061008C6F74 /* Icon-40@2x.png in Resources */ = {isa = PBXBuildFile; fileRef = C6C3107E1D1E5061008C6F74 /* Icon-40@2x.png */; };
		C6C310951D1E5061008C6F74 /* Icon-40@3x.png in Resources */ = {isa = PBXBuildFile; fileRef = C6C3107F1D1E5061008C6F74 /* Icon-40@3x.png */; };
		C6C310961D1E5061008C6F74 /* Icon-60@2x.png in Resources */ = {isa = PBXBuildFile; fileRef = C6C310801D1E5061008C6F74 /* Icon-60@2x.png */; };
		C6C310971D1E5061008C6F74 /* Icon-60@3x.png in Resources */ = {isa = PBXBuildFile; fileRef = C6C310811D1E5061008C6F74 /* Icon-60@3x.png */; };
		C6C310981D1E5061008C6F74 /* Icon-76.png in Resources */ = {isa = PBXBuildFile; fileRef = C6C310821D1E5061008C6F74 /* Icon-76.png */; };
		C6C310991D1E5061008C6F74 /* Icon-76@2x.png in Resources */ = {isa = PBXBuildFile; fileRef = C6C310831D1E5061008C6F74 /* Icon-76@2x.png */; };
		C6C3109A1D1E5061008C6F74 /* Icon-83.5@2x.png in Resources */ = {isa = PBXBuildFile; fileRef = C6C310841D1E5061008C6F74 /* Icon-83.5@2x.png */; };
		C6C3109B1D1E5061008C6F74 /* Icon-Small.png in Resources */ = {isa = PBXBuildFile; fileRef = C6C310851D1E5061008C6F74 /* Icon-Small.png */; };
		C6C3109C1D1E5061008C6F74 /* Icon-Small@2x.png in Resources */ = {isa = PBXBuildFile; fileRef = C6C310861D1E5061008C6F74 /* Icon-Small@2x.png */; };
		C6C3109D1D1E5061008C6F74 /* Icon-Small@3x.png in Resources */ = {isa = PBXBuildFile; fileRef = C6C310871D1E5061008C6F74 /* Icon-Small@3x.png */; };
		C6C3109E1D1E5061008C6F74 /* Icon-60.png in Resources */ = {isa = PBXBuildFile; fileRef = C6C310881D1E5061008C6F74 /* Icon-60.png */; };
		C6C3109F1D1E5061008C6F74 /* Icon-72.png in Resources */ = {isa = PBXBuildFile; fileRef = C6C310891D1E5061008C6F74 /* Icon-72.png */; };
		C6C310A01D1E5061008C6F74 /* Icon-72@2x.png in Resources */ = {isa = PBXBuildFile; fileRef = C6C3108A1D1E5061008C6F74 /* Icon-72@2x.png */; };
		C6C310A11D1E5061008C6F74 /* Icon-Small-50.png in Resources */ = {isa = PBXBuildFile; fileRef = C6C3108B1D1E5061008C6F74 /* Icon-Small-50.png */; };
		C6C310A21D1E5061008C6F74 /* Icon-Small-50@2x.png in Resources */ = {isa = PBXBuildFile; fileRef = C6C3108C1D1E5061008C6F74 /* Icon-Small-50@2x.png */; };
		C6C310A31D1E5061008C6F74 /* Icon.png in Resources */ = {isa = PBXBuildFile; fileRef = C6C3108D1D1E5061008C6F74 /* Icon.png */; };
		C6C310A41D1E5061008C6F74 /* Icon@2x.png in Resources */ = {isa = PBXBuildFile; fileRef = C6C3108E1D1E5061008C6F74 /* Icon@2x.png */; };
		C6C310A51D1E5061008C6F74 /* iTunesArtwork.png in Resources */ = {isa = PBXBuildFile; fileRef = C6C3108F1D1E5061008C6F74 /* iTunesArtwork.png */; };
		C6C310A61D1E5061008C6F74 /* iTunesArtwork@2x.png in Resources */ = {isa = PBXBuildFile; fileRef = C6C310901D1E5061008C6F74 /* iTunesArtwork@2x.png */; };
		C6CB6B961D1C2107006B8910 /* InputViewController.swift in Sources */ = {isa = PBXBuildFile; fileRef = C6CB6B951D1C2107006B8910 /* InputViewController.swift */; };
		C6EF3CA71D1ADB8200A3936A /* AppDelegate.swift in Sources */ = {isa = PBXBuildFile; fileRef = C6EF3CA61D1ADB8200A3936A /* AppDelegate.swift */; };
		C6EF3CA91D1ADB8200A3936A /* ViewController.swift in Sources */ = {isa = PBXBuildFile; fileRef = C6EF3CA81D1ADB8200A3936A /* ViewController.swift */; };
		C6EF3CAC1D1ADB8200A3936A /* Main.storyboard in Resources */ = {isa = PBXBuildFile; fileRef = C6EF3CAA1D1ADB8200A3936A /* Main.storyboard */; };
		C6EF3CAE1D1ADB8200A3936A /* Assets.xcassets in Resources */ = {isa = PBXBuildFile; fileRef = C6EF3CAD1D1ADB8200A3936A /* Assets.xcassets */; };
		C6EF3CBC1D1ADB8200A3936A /* diaryTests.swift in Sources */ = {isa = PBXBuildFile; fileRef = C6EF3CBB1D1ADB8200A3936A /* diaryTests.swift */; };
		C6EF3CC71D1ADB8200A3936A /* diaryUITests.swift in Sources */ = {isa = PBXBuildFile; fileRef = C6EF3CC61D1ADB8200A3936A /* diaryUITests.swift */; };
		CA0340DD2059C6AA7B92FE80 /* Pods_diaryUITests.framework in Frameworks */ = {isa = PBXBuildFile; fileRef = CB2441D445039F894570BA00 /* Pods_diaryUITests.framework */; };
		EACDA07ED7BCA13127BDC780 /* Pods_diary.framework in Frameworks */ = {isa = PBXBuildFile; fileRef = 4F13A9A9427091C7C65B00FF /* Pods_diary.framework */; };
/* End PBXBuildFile section */

/* Begin PBXContainerItemProxy section */
		C6EF3CB81D1ADB8200A3936A /* PBXContainerItemProxy */ = {
			isa = PBXContainerItemProxy;
			containerPortal = C6EF3C9B1D1ADB8200A3936A /* Project object */;
			proxyType = 1;
			remoteGlobalIDString = C6EF3CA21D1ADB8200A3936A;
			remoteInfo = diary;
		};
		C6EF3CC31D1ADB8200A3936A /* PBXContainerItemProxy */ = {
			isa = PBXContainerItemProxy;
			containerPortal = C6EF3C9B1D1ADB8200A3936A /* Project object */;
			proxyType = 1;
			remoteGlobalIDString = C6EF3CA21D1ADB8200A3936A;
			remoteInfo = diary;
		};
/* End PBXContainerItemProxy section */

/* Begin PBXFileReference section */
		2CD47DB1FD615AB38DE90248 /* Pods-diaryUITests.debug.xcconfig */ = {isa = PBXFileReference; includeInIndex = 1; lastKnownFileType = text.xcconfig; name = "Pods-diaryUITests.debug.xcconfig"; path = "Pods/Target Support Files/Pods-diaryUITests/Pods-diaryUITests.debug.xcconfig"; sourceTree = "<group>"; };
		4F13A9A9427091C7C65B00FF /* Pods_diary.framework */ = {isa = PBXFileReference; explicitFileType = wrapper.framework; includeInIndex = 0; path = Pods_diary.framework; sourceTree = BUILT_PRODUCTS_DIR; };
		56FABBFF6B9F8CC9C5F88349 /* Pods-diaryTests.debug.xcconfig */ = {isa = PBXFileReference; includeInIndex = 1; lastKnownFileType = text.xcconfig; name = "Pods-diaryTests.debug.xcconfig"; path = "Pods/Target Support Files/Pods-diaryTests/Pods-diaryTests.debug.xcconfig"; sourceTree = "<group>"; };
		5C6DBAAA670FDB537DD8558D /* Pods-diary.debug.xcconfig */ = {isa = PBXFileReference; includeInIndex = 1; lastKnownFileType = text.xcconfig; name = "Pods-diary.debug.xcconfig"; path = "Pods/Target Support Files/Pods-diary/Pods-diary.debug.xcconfig"; sourceTree = "<group>"; };
		884B69645A9D3EFB528D074C /* Pods-diaryTests.release.xcconfig */ = {isa = PBXFileReference; includeInIndex = 1; lastKnownFileType = text.xcconfig; name = "Pods-diaryTests.release.xcconfig"; path = "Pods/Target Support Files/Pods-diaryTests/Pods-diaryTests.release.xcconfig"; sourceTree = "<group>"; };
		ABFBCEFC6D05C2B77C8E17B0 /* Pods_diaryTests.framework */ = {isa = PBXFileReference; explicitFileType = wrapper.framework; includeInIndex = 0; path = Pods_diaryTests.framework; sourceTree = BUILT_PRODUCTS_DIR; };
		C66A81D51D1D827500F0BE98 /* Diary.swift */ = {isa = PBXFileReference; fileEncoding = 4; lastKnownFileType = sourcecode.swift; path = Diary.swift; sourceTree = "<group>"; };
		C66D40391D23EB8400220C1A /* TitleViewController.swift */ = {isa = PBXFileReference; fileEncoding = 4; lastKnownFileType = sourcecode.swift; path = TitleViewController.swift; sourceTree = "<group>"; };
		C681E9601D1CFA270006ABCD /* BookShelfViewController.swift */ = {isa = PBXFileReference; fileEncoding = 4; lastKnownFileType = sourcecode.swift; path = BookShelfViewController.swift; sourceTree = "<group>"; };
		C681E9621D1D040C0006ABCD /* RegistrationViewController.swift */ = {isa = PBXFileReference; fileEncoding = 4; lastKnownFileType = sourcecode.swift; path = RegistrationViewController.swift; sourceTree = "<group>"; };
		C6C3107C1D1E5061008C6F74 /* Contents.json */ = {isa = PBXFileReference; fileEncoding = 4; lastKnownFileType = text.json; path = Contents.json; sourceTree = "<group>"; };
		C6C3107D1D1E5061008C6F74 /* Icon-40.png */ = {isa = PBXFileReference; lastKnownFileType = image.png; path = "Icon-40.png"; sourceTree = "<group>"; };
		C6C3107E1D1E5061008C6F74 /* Icon-40@2x.png */ = {isa = PBXFileReference; lastKnownFileType = image.png; path = "Icon-40@2x.png"; sourceTree = "<group>"; };
		C6C3107F1D1E5061008C6F74 /* Icon-40@3x.png */ = {isa = PBXFileReference; lastKnownFileType = image.png; path = "Icon-40@3x.png"; sourceTree = "<group>"; };
		C6C310801D1E5061008C6F74 /* Icon-60@2x.png */ = {isa = PBXFileReference; lastKnownFileType = image.png; path = "Icon-60@2x.png"; sourceTree = "<group>"; };
		C6C310811D1E5061008C6F74 /* Icon-60@3x.png */ = {isa = PBXFileReference; lastKnownFileType = image.png; path = "Icon-60@3x.png"; sourceTree = "<group>"; };
		C6C310821D1E5061008C6F74 /* Icon-76.png */ = {isa = PBXFileReference; lastKnownFileType = image.png; path = "Icon-76.png"; sourceTree = "<group>"; };
		C6C310831D1E5061008C6F74 /* Icon-76@2x.png */ = {isa = PBXFileReference; lastKnownFileType = image.png; path = "Icon-76@2x.png"; sourceTree = "<group>"; };
		C6C310841D1E5061008C6F74 /* Icon-83.5@2x.png */ = {isa = PBXFileReference; lastKnownFileType = image.png; path = "Icon-83.5@2x.png"; sourceTree = "<group>"; };
		C6C310851D1E5061008C6F74 /* Icon-Small.png */ = {isa = PBXFileReference; lastKnownFileType = image.png; path = "Icon-Small.png"; sourceTree = "<group>"; };
		C6C310861D1E5061008C6F74 /* Icon-Small@2x.png */ = {isa = PBXFileReference; lastKnownFileType = image.png; path = "Icon-Small@2x.png"; sourceTree = "<group>"; };
		C6C310871D1E5061008C6F74 /* Icon-Small@3x.png */ = {isa = PBXFileReference; lastKnownFileType = image.png; path = "Icon-Small@3x.png"; sourceTree = "<group>"; };
		C6C310881D1E5061008C6F74 /* Icon-60.png */ = {isa = PBXFileReference; lastKnownFileType = image.png; path = "Icon-60.png"; sourceTree = "<group>"; };
		C6C310891D1E5061008C6F74 /* Icon-72.png */ = {isa = PBXFileReference; lastKnownFileType = image.png; path = "Icon-72.png"; sourceTree = "<group>"; };
		C6C3108A1D1E5061008C6F74 /* Icon-72@2x.png */ = {isa = PBXFileReference; lastKnownFileType = image.png; path = "Icon-72@2x.png"; sourceTree = "<group>"; };
		C6C3108B1D1E5061008C6F74 /* Icon-Small-50.png */ = {isa = PBXFileReference; lastKnownFileType = image.png; path = "Icon-Small-50.png"; sourceTree = "<group>"; };
		C6C3108C1D1E5061008C6F74 /* Icon-Small-50@2x.png */ = {isa = PBXFileReference; lastKnownFileType = image.png; path = "Icon-Small-50@2x.png"; sourceTree = "<group>"; };
		C6C3108D1D1E5061008C6F74 /* Icon.png */ = {isa = PBXFileReference; lastKnownFileType = image.png; path = Icon.png; sourceTree = "<group>"; };
		C6C3108E1D1E5061008C6F74 /* Icon@2x.png */ = {isa = PBXFileReference; lastKnownFileType = image.png; path = "Icon@2x.png"; sourceTree = "<group>"; };
		C6C3108F1D1E5061008C6F74 /* iTunesArtwork.png */ = {isa = PBXFileReference; lastKnownFileType = image.png; path = iTunesArtwork.png; sourceTree = "<group>"; };
		C6C310901D1E5061008C6F74 /* iTunesArtwork@2x.png */ = {isa = PBXFileReference; lastKnownFileType = image.png; path = "iTunesArtwork@2x.png"; sourceTree = "<group>"; };
		C6CB6B951D1C2107006B8910 /* InputViewController.swift */ = {isa = PBXFileReference; fileEncoding = 4; lastKnownFileType = sourcecode.swift; path = InputViewController.swift; sourceTree = "<group>"; };
		C6EF3CA31D1ADB8200A3936A /* diary.app */ = {isa = PBXFileReference; explicitFileType = wrapper.application; includeInIndex = 0; path = diary.app; sourceTree = BUILT_PRODUCTS_DIR; };
		C6EF3CA61D1ADB8200A3936A /* AppDelegate.swift */ = {isa = PBXFileReference; lastKnownFileType = sourcecode.swift; path = AppDelegate.swift; sourceTree = "<group>"; };
		C6EF3CA81D1ADB8200A3936A /* ViewController.swift */ = {isa = PBXFileReference; lastKnownFileType = sourcecode.swift; path = ViewController.swift; sourceTree = "<group>"; };
		C6EF3CAB1D1ADB8200A3936A /* Base */ = {isa = PBXFileReference; lastKnownFileType = file.storyboard; name = Base; path = Base.lproj/Main.storyboard; sourceTree = "<group>"; };
		C6EF3CAD1D1ADB8200A3936A /* Assets.xcassets */ = {isa = PBXFileReference; lastKnownFileType = folder.assetcatalog; path = Assets.xcassets; sourceTree = "<group>"; };
		C6EF3CB21D1ADB8200A3936A /* Info.plist */ = {isa = PBXFileReference; lastKnownFileType = text.plist.xml; path = Info.plist; sourceTree = "<group>"; };
		C6EF3CB71D1ADB8200A3936A /* diaryTests.xctest */ = {isa = PBXFileReference; explicitFileType = wrapper.cfbundle; includeInIndex = 0; path = diaryTests.xctest; sourceTree = BUILT_PRODUCTS_DIR; };
		C6EF3CBB1D1ADB8200A3936A /* diaryTests.swift */ = {isa = PBXFileReference; lastKnownFileType = sourcecode.swift; path = diaryTests.swift; sourceTree = "<group>"; };
		C6EF3CBD1D1ADB8200A3936A /* Info.plist */ = {isa = PBXFileReference; lastKnownFileType = text.plist.xml; path = Info.plist; sourceTree = "<group>"; };
		C6EF3CC21D1ADB8200A3936A /* diaryUITests.xctest */ = {isa = PBXFileReference; explicitFileType = wrapper.cfbundle; includeInIndex = 0; path = diaryUITests.xctest; sourceTree = BUILT_PRODUCTS_DIR; };
		C6EF3CC61D1ADB8200A3936A /* diaryUITests.swift */ = {isa = PBXFileReference; lastKnownFileType = sourcecode.swift; path = diaryUITests.swift; sourceTree = "<group>"; };
		C6EF3CC81D1ADB8200A3936A /* Info.plist */ = {isa = PBXFileReference; lastKnownFileType = text.plist.xml; path = Info.plist; sourceTree = "<group>"; };
		CB2441D445039F894570BA00 /* Pods_diaryUITests.framework */ = {isa = PBXFileReference; explicitFileType = wrapper.framework; includeInIndex = 0; path = Pods_diaryUITests.framework; sourceTree = BUILT_PRODUCTS_DIR; };
		CEFB66937E58572B86A3F6C8 /* Pods-diaryUITests.release.xcconfig */ = {isa = PBXFileReference; includeInIndex = 1; lastKnownFileType = text.xcconfig; name = "Pods-diaryUITests.release.xcconfig"; path = "Pods/Target Support Files/Pods-diaryUITests/Pods-diaryUITests.release.xcconfig"; sourceTree = "<group>"; };
		E8FFA6EF8B3833B3EF0FA094 /* Pods-diary.release.xcconfig */ = {isa = PBXFileReference; includeInIndex = 1; lastKnownFileType = text.xcconfig; name = "Pods-diary.release.xcconfig"; path = "Pods/Target Support Files/Pods-diary/Pods-diary.release.xcconfig"; sourceTree = "<group>"; };
/* End PBXFileReference section */

/* Begin PBXFrameworksBuildPhase section */
		C6EF3CA01D1ADB8200A3936A /* Frameworks */ = {
			isa = PBXFrameworksBuildPhase;
			buildActionMask = 2147483647;
			files = (
				EACDA07ED7BCA13127BDC780 /* Pods_diary.framework in Frameworks */,
			);
			runOnlyForDeploymentPostprocessing = 0;
		};
		C6EF3CB41D1ADB8200A3936A /* Frameworks */ = {
			isa = PBXFrameworksBuildPhase;
			buildActionMask = 2147483647;
			files = (
				0C9608B45D402ADE3D66E647 /* Pods_diaryTests.framework in Frameworks */,
			);
			runOnlyForDeploymentPostprocessing = 0;
		};
		C6EF3CBF1D1ADB8200A3936A /* Frameworks */ = {
			isa = PBXFrameworksBuildPhase;
			buildActionMask = 2147483647;
			files = (
				CA0340DD2059C6AA7B92FE80 /* Pods_diaryUITests.framework in Frameworks */,
			);
			runOnlyForDeploymentPostprocessing = 0;
		};
/* End PBXFrameworksBuildPhase section */

/* Begin PBXGroup section */
		047C5E94A777E5AFA82E8AB4 /* Pods */ = {
			isa = PBXGroup;
			children = (
				5C6DBAAA670FDB537DD8558D /* Pods-diary.debug.xcconfig */,
				E8FFA6EF8B3833B3EF0FA094 /* Pods-diary.release.xcconfig */,
				56FABBFF6B9F8CC9C5F88349 /* Pods-diaryTests.debug.xcconfig */,
				884B69645A9D3EFB528D074C /* Pods-diaryTests.release.xcconfig */,
				2CD47DB1FD615AB38DE90248 /* Pods-diaryUITests.debug.xcconfig */,
				CEFB66937E58572B86A3F6C8 /* Pods-diaryUITests.release.xcconfig */,
			);
			name = Pods;
			sourceTree = "<group>";
		};
		15C779DCB47A12D5CD0D5E6F /* Frameworks */ = {
			isa = PBXGroup;
			children = (
				4F13A9A9427091C7C65B00FF /* Pods_diary.framework */,
				ABFBCEFC6D05C2B77C8E17B0 /* Pods_diaryTests.framework */,
				CB2441D445039F894570BA00 /* Pods_diaryUITests.framework */,
			);
			name = Frameworks;
			sourceTree = "<group>";
		};
		C6C3107A1D1E5061008C6F74 /* ios */ = {
			isa = PBXGroup;
			children = (
				C6C3107B1D1E5061008C6F74 /* AppIcon.appiconset */,
				C6C310881D1E5061008C6F74 /* Icon-60.png */,
				C6C310891D1E5061008C6F74 /* Icon-72.png */,
				C6C3108A1D1E5061008C6F74 /* Icon-72@2x.png */,
				C6C3108B1D1E5061008C6F74 /* Icon-Small-50.png */,
				C6C3108C1D1E5061008C6F74 /* Icon-Small-50@2x.png */,
				C6C3108D1D1E5061008C6F74 /* Icon.png */,
				C6C3108E1D1E5061008C6F74 /* Icon@2x.png */,
				C6C3108F1D1E5061008C6F74 /* iTunesArtwork.png */,
				C6C310901D1E5061008C6F74 /* iTunesArtwork@2x.png */,
			);
			path = ios;
			sourceTree = "<group>";
		};
		C6C3107B1D1E5061008C6F74 /* AppIcon.appiconset */ = {
			isa = PBXGroup;
			children = (
				C6C3107C1D1E5061008C6F74 /* Contents.json */,
				C6C3107D1D1E5061008C6F74 /* Icon-40.png */,
				C6C3107E1D1E5061008C6F74 /* Icon-40@2x.png */,
				C6C3107F1D1E5061008C6F74 /* Icon-40@3x.png */,
				C6C310801D1E5061008C6F74 /* Icon-60@2x.png */,
				C6C310811D1E5061008C6F74 /* Icon-60@3x.png */,
				C6C310821D1E5061008C6F74 /* Icon-76.png */,
				C6C310831D1E5061008C6F74 /* Icon-76@2x.png */,
				C6C310841D1E5061008C6F74 /* Icon-83.5@2x.png */,
				C6C310851D1E5061008C6F74 /* Icon-Small.png */,
				C6C310861D1E5061008C6F74 /* Icon-Small@2x.png */,
				C6C310871D1E5061008C6F74 /* Icon-Small@3x.png */,
			);
			path = AppIcon.appiconset;
			sourceTree = "<group>";
		};
		C6EF3C9A1D1ADB8200A3936A = {
			isa = PBXGroup;
			children = (
				C66A81D51D1D827500F0BE98 /* Diary.swift */,
				C6EF3CA51D1ADB8200A3936A /* diary */,
				C6EF3CBA1D1ADB8200A3936A /* diaryTests */,
				C6EF3CC51D1ADB8200A3936A /* diaryUITests */,
				C6EF3CA41D1ADB8200A3936A /* Products */,
				047C5E94A777E5AFA82E8AB4 /* Pods */,
				15C779DCB47A12D5CD0D5E6F /* Frameworks */,
			);
			sourceTree = "<group>";
		};
		C6EF3CA41D1ADB8200A3936A /* Products */ = {
			isa = PBXGroup;
			children = (
				C6EF3CA31D1ADB8200A3936A /* diary.app */,
				C6EF3CB71D1ADB8200A3936A /* diaryTests.xctest */,
				C6EF3CC21D1ADB8200A3936A /* diaryUITests.xctest */,
			);
			name = Products;
			sourceTree = "<group>";
		};
		C6EF3CA51D1ADB8200A3936A /* diary */ = {
			isa = PBXGroup;
			children = (
				C6C3107A1D1E5061008C6F74 /* ios */,
				C6EF3CA81D1ADB8200A3936A /* ViewController.swift */,
				C66D40391D23EB8400220C1A /* TitleViewController.swift */,
				C681E9601D1CFA270006ABCD /* BookShelfViewController.swift */,
				C6CB6B951D1C2107006B8910 /* InputViewController.swift */,
				C681E9621D1D040C0006ABCD /* RegistrationViewController.swift */,
				C6EF3CAA1D1ADB8200A3936A /* Main.storyboard */,
				C6EF3CA61D1ADB8200A3936A /* AppDelegate.swift */,
				C6EF3CAD1D1ADB8200A3936A /* Assets.xcassets */,
				C6EF3CB21D1ADB8200A3936A /* Info.plist */,
			);
			path = diary;
			sourceTree = "<group>";
		};
		C6EF3CBA1D1ADB8200A3936A /* diaryTests */ = {
			isa = PBXGroup;
			children = (
				C6EF3CBB1D1ADB8200A3936A /* diaryTests.swift */,
				C6EF3CBD1D1ADB8200A3936A /* Info.plist */,
			);
			path = diaryTests;
			sourceTree = "<group>";
		};
		C6EF3CC51D1ADB8200A3936A /* diaryUITests */ = {
			isa = PBXGroup;
			children = (
				C6EF3CC61D1ADB8200A3936A /* diaryUITests.swift */,
				C6EF3CC81D1ADB8200A3936A /* Info.plist */,
			);
			path = diaryUITests;
			sourceTree = "<group>";
		};
/* End PBXGroup section */

/* Begin PBXNativeTarget section */
		C6EF3CA21D1ADB8200A3936A /* diary */ = {
			isa = PBXNativeTarget;
			buildConfigurationList = C6EF3CCB1D1ADB8200A3936A /* Build configuration list for PBXNativeTarget "diary" */;
			buildPhases = (
				427E39CED433C78A6533C68C /* [CP] Check Pods Manifest.lock */,
				C6EF3C9F1D1ADB8200A3936A /* Sources */,
				C6EF3CA01D1ADB8200A3936A /* Frameworks */,
				C6EF3CA11D1ADB8200A3936A /* Resources */,
				69BE449E7A809F29A09D7F91 /* [CP] Embed Pods Frameworks */,
				7723EA23DDDD7655A178A406 /* [CP] Copy Pods Resources */,
			);
			buildRules = (
			);
			dependencies = (
			);
			name = diary;
			productName = diary;
			productReference = C6EF3CA31D1ADB8200A3936A /* diary.app */;
			productType = "com.apple.product-type.application";
		};
		C6EF3CB61D1ADB8200A3936A /* diaryTests */ = {
			isa = PBXNativeTarget;
			buildConfigurationList = C6EF3CCE1D1ADB8200A3936A /* Build configuration list for PBXNativeTarget "diaryTests" */;
			buildPhases = (
				74EC1215A1BF32CA968039CC /* [CP] Check Pods Manifest.lock */,
				C6EF3CB31D1ADB8200A3936A /* Sources */,
				C6EF3CB41D1ADB8200A3936A /* Frameworks */,
				C6EF3CB51D1ADB8200A3936A /* Resources */,
				093018FFA67ED6655F1BD924 /* [CP] Embed Pods Frameworks */,
				A4277C5CCDC27E9B6C3FCAD6 /* [CP] Copy Pods Resources */,
			);
			buildRules = (
			);
			dependencies = (
				C6EF3CB91D1ADB8200A3936A /* PBXTargetDependency */,
			);
			name = diaryTests;
			productName = diaryTests;
			productReference = C6EF3CB71D1ADB8200A3936A /* diaryTests.xctest */;
			productType = "com.apple.product-type.bundle.unit-test";
		};
		C6EF3CC11D1ADB8200A3936A /* diaryUITests */ = {
			isa = PBXNativeTarget;
			buildConfigurationList = C6EF3CD11D1ADB8200A3936A /* Build configuration list for PBXNativeTarget "diaryUITests" */;
			buildPhases = (
				BB994BE1B89895B1CC013886 /* [CP] Check Pods Manifest.lock */,
				C6EF3CBE1D1ADB8200A3936A /* Sources */,
				C6EF3CBF1D1ADB8200A3936A /* Frameworks */,
				C6EF3CC01D1ADB8200A3936A /* Resources */,
				3AC3AF27C6B371183FE61CEC /* [CP] Copy Pods Resources */,
			);
			buildRules = (
			);
			dependencies = (
				C6EF3CC41D1ADB8200A3936A /* PBXTargetDependency */,
			);
			name = diaryUITests;
			productName = diaryUITests;
			productReference = C6EF3CC21D1ADB8200A3936A /* diaryUITests.xctest */;
			productType = "com.apple.product-type.bundle.ui-testing";
		};
/* End PBXNativeTarget section */

/* Begin PBXProject section */
		C6EF3C9B1D1ADB8200A3936A /* Project object */ = {
			isa = PBXProject;
			attributes = {
				LastSwiftUpdateCheck = 0730;
				LastUpgradeCheck = 0730;
				ORGANIZATIONNAME = "山本豪";
				TargetAttributes = {
					C6EF3CA21D1ADB8200A3936A = {
						CreatedOnToolsVersion = 7.3.1;
					};
					C6EF3CB61D1ADB8200A3936A = {
						CreatedOnToolsVersion = 7.3.1;
						TestTargetID = C6EF3CA21D1ADB8200A3936A;
					};
					C6EF3CC11D1ADB8200A3936A = {
						CreatedOnToolsVersion = 7.3.1;
						TestTargetID = C6EF3CA21D1ADB8200A3936A;
					};
				};
			};
			buildConfigurationList = C6EF3C9E1D1ADB8200A3936A /* Build configuration list for PBXProject "diary" */;
			compatibilityVersion = "Xcode 3.2";
			developmentRegion = English;
			hasScannedForEncodings = 0;
			knownRegions = (
				en,
				Base,
			);
			mainGroup = C6EF3C9A1D1ADB8200A3936A;
			productRefGroup = C6EF3CA41D1ADB8200A3936A /* Products */;
			projectDirPath = "";
			projectRoot = "";
			targets = (
				C6EF3CA21D1ADB8200A3936A /* diary */,
				C6EF3CB61D1ADB8200A3936A /* diaryTests */,
				C6EF3CC11D1ADB8200A3936A /* diaryUITests */,
			);
		};
/* End PBXProject section */

/* Begin PBXResourcesBuildPhase section */
		C6EF3CA11D1ADB8200A3936A /* Resources */ = {
			isa = PBXResourcesBuildPhase;
			buildActionMask = 2147483647;
			files = (
				C6C3109A1D1E5061008C6F74 /* Icon-83.5@2x.png in Resources */,
				C6C310971D1E5061008C6F74 /* Icon-60@3x.png in Resources */,
				C6C310931D1E5061008C6F74 /* Icon-40.png in Resources */,
				C6C310A11D1E5061008C6F74 /* Icon-Small-50.png in Resources */,
				C6EF3CAE1D1ADB8200A3936A /* Assets.xcassets in Resources */,
				C6EF3CAC1D1ADB8200A3936A /* Main.storyboard in Resources */,
				C6C310A51D1E5061008C6F74 /* iTunesArtwork.png in Resources */,
				C6C310A01D1E5061008C6F74 /* Icon-72@2x.png in Resources */,
				C6C3109E1D1E5061008C6F74 /* Icon-60.png in Resources */,
				C6C310A21D1E5061008C6F74 /* Icon-Small-50@2x.png in Resources */,
				C6C3109C1D1E5061008C6F74 /* Icon-Small@2x.png in Resources */,
				C6C310961D1E5061008C6F74 /* Icon-60@2x.png in Resources */,
				C6C310921D1E5061008C6F74 /* Contents.json in Resources */,
				C6C310A31D1E5061008C6F74 /* Icon.png in Resources */,
				C6C310951D1E5061008C6F74 /* Icon-40@3x.png in Resources */,
				C6C3109B1D1E5061008C6F74 /* Icon-Small.png in Resources */,
				C6C310941D1E5061008C6F74 /* Icon-40@2x.png in Resources */,
				C6C310A41D1E5061008C6F74 /* Icon@2x.png in Resources */,
				C6C310991D1E5061008C6F74 /* Icon-76@2x.png in Resources */,
				C6C3109F1D1E5061008C6F74 /* Icon-72.png in Resources */,
				C6C3109D1D1E5061008C6F74 /* Icon-Small@3x.png in Resources */,
				C6C310981D1E5061008C6F74 /* Icon-76.png in Resources */,
				C6C310A61D1E5061008C6F74 /* iTunesArtwork@2x.png in Resources */,
			);
			runOnlyForDeploymentPostprocessing = 0;
		};
		C6EF3CB51D1ADB8200A3936A /* Resources */ = {
			isa = PBXResourcesBuildPhase;
			buildActionMask = 2147483647;
			files = (
			);
			runOnlyForDeploymentPostprocessing = 0;
		};
		C6EF3CC01D1ADB8200A3936A /* Resources */ = {
			isa = PBXResourcesBuildPhase;
			buildActionMask = 2147483647;
			files = (
			);
			runOnlyForDeploymentPostprocessing = 0;
		};
/* End PBXResourcesBuildPhase section */

/* Begin PBXShellScriptBuildPhase section */
		093018FFA67ED6655F1BD924 /* [CP] Embed Pods Frameworks */ = {
			isa = PBXShellScriptBuildPhase;
			buildActionMask = 2147483647;
			files = (
			);
			inputPaths = (
			);
			name = "[CP] Embed Pods Frameworks";
			outputPaths = (
			);
			runOnlyForDeploymentPostprocessing = 0;
			shellPath = /bin/sh;
			shellScript = "\"${SRCROOT}/Pods/Target Support Files/Pods-diaryTests/Pods-diaryTests-frameworks.sh\"\n";
			showEnvVarsInLog = 0;
		};
		3AC3AF27C6B371183FE61CEC /* [CP] Copy Pods Resources */ = {
			isa = PBXShellScriptBuildPhase;
			buildActionMask = 2147483647;
			files = (
			);
			inputPaths = (
			);
			name = "[CP] Copy Pods Resources";
			outputPaths = (
			);
			runOnlyForDeploymentPostprocessing = 0;
			shellPath = /bin/sh;
			shellScript = "\"${SRCROOT}/Pods/Target Support Files/Pods-diaryUITests/Pods-diaryUITests-resources.sh\"\n";
			showEnvVarsInLog = 0;
		};
		427E39CED433C78A6533C68C /* [CP] Check Pods Manifest.lock */ = {
			isa = PBXShellScriptBuildPhase;
			buildActionMask = 2147483647;
			files = (
			);
			inputPaths = (
			);
			name = "[CP] Check Pods Manifest.lock";
			outputPaths = (
			);
			runOnlyForDeploymentPostprocessing = 0;
			shellPath = /bin/sh;
			shellScript = "diff \"${PODS_ROOT}/../Podfile.lock\" \"${PODS_ROOT}/Manifest.lock\" > /dev/null\nif [[ $? != 0 ]] ; then\n    cat << EOM\nerror: The sandbox is not in sync with the Podfile.lock. Run 'pod install' or update your CocoaPods installation.\nEOM\n    exit 1\nfi\n";
			showEnvVarsInLog = 0;
		};
		69BE449E7A809F29A09D7F91 /* [CP] Embed Pods Frameworks */ = {
			isa = PBXShellScriptBuildPhase;
			buildActionMask = 2147483647;
			files = (
			);
			inputPaths = (
			);
			name = "[CP] Embed Pods Frameworks";
			outputPaths = (
			);
			runOnlyForDeploymentPostprocessing = 0;
			shellPath = /bin/sh;
			shellScript = "\"${SRCROOT}/Pods/Target Support Files/Pods-diary/Pods-diary-frameworks.sh\"\n";
			showEnvVarsInLog = 0;
		};
		74EC1215A1BF32CA968039CC /* [CP] Check Pods Manifest.lock */ = {
			isa = PBXShellScriptBuildPhase;
			buildActionMask = 2147483647;
			files = (
			);
			inputPaths = (
			);
			name = "[CP] Check Pods Manifest.lock";
			outputPaths = (
			);
			runOnlyForDeploymentPostprocessing = 0;
			shellPath = /bin/sh;
			shellScript = "diff \"${PODS_ROOT}/../Podfile.lock\" \"${PODS_ROOT}/Manifest.lock\" > /dev/null\nif [[ $? != 0 ]] ; then\n    cat << EOM\nerror: The sandbox is not in sync with the Podfile.lock. Run 'pod install' or update your CocoaPods installation.\nEOM\n    exit 1\nfi\n";
			showEnvVarsInLog = 0;
		};
		7723EA23DDDD7655A178A406 /* [CP] Copy Pods Resources */ = {
			isa = PBXShellScriptBuildPhase;
			buildActionMask = 2147483647;
			files = (
			);
			inputPaths = (
			);
			name = "[CP] Copy Pods Resources";
			outputPaths = (
			);
			runOnlyForDeploymentPostprocessing = 0;
			shellPath = /bin/sh;
			shellScript = "\"${SRCROOT}/Pods/Target Support Files/Pods-diary/Pods-diary-resources.sh\"\n";
			showEnvVarsInLog = 0;
		};
		A4277C5CCDC27E9B6C3FCAD6 /* [CP] Copy Pods Resources */ = {
			isa = PBXShellScriptBuildPhase;
			buildActionMask = 2147483647;
			files = (
			);
			inputPaths = (
			);
			name = "[CP] Copy Pods Resources";
			outputPaths = (
			);
			runOnlyForDeploymentPostprocessing = 0;
			shellPath = /bin/sh;
			shellScript = "\"${SRCROOT}/Pods/Target Support Files/Pods-diaryTests/Pods-diaryTests-resources.sh\"\n";
			showEnvVarsInLog = 0;
		};
		BB994BE1B89895B1CC013886 /* [CP] Check Pods Manifest.lock */ = {
			isa = PBXShellScriptBuildPhase;
			buildActionMask = 2147483647;
			files = (
			);
			inputPaths = (
			);
			name = "[CP] Check Pods Manifest.lock";
			outputPaths = (
			);
			runOnlyForDeploymentPostprocessing = 0;
			shellPath = /bin/sh;
			shellScript = "diff \"${PODS_ROOT}/../Podfile.lock\" \"${PODS_ROOT}/Manifest.lock\" > /dev/null\nif [[ $? != 0 ]] ; then\n    cat << EOM\nerror: The sandbox is not in sync with the Podfile.lock. Run 'pod install' or update your CocoaPods installation.\nEOM\n    exit 1\nfi\n";
			showEnvVarsInLog = 0;
		};
/* End PBXShellScriptBuildPhase section */

/* Begin PBXSourcesBuildPhase section */
		C6EF3C9F1D1ADB8200A3936A /* Sources */ = {
			isa = PBXSourcesBuildPhase;
			buildActionMask = 2147483647;
			files = (
				C681E9631D1D040C0006ABCD /* RegistrationViewController.swift in Sources */,
				C6CB6B961D1C2107006B8910 /* InputViewController.swift in Sources */,
				C6EF3CA91D1ADB8200A3936A /* ViewController.swift in Sources */,
				C66D403A1D23EB8400220C1A /* TitleViewController.swift in Sources */,
				C6EF3CA71D1ADB8200A3936A /* AppDelegate.swift in Sources */,
				C681E9611D1CFA270006ABCD /* BookShelfViewController.swift in Sources */,
				C66A81D61D1D827500F0BE98 /* Diary.swift in Sources */,
			);
			runOnlyForDeploymentPostprocessing = 0;
		};
		C6EF3CB31D1ADB8200A3936A /* Sources */ = {
			isa = PBXSourcesBuildPhase;
			buildActionMask = 2147483647;
			files = (
				C6EF3CBC1D1ADB8200A3936A /* diaryTests.swift in Sources */,
			);
			runOnlyForDeploymentPostprocessing = 0;
		};
		C6EF3CBE1D1ADB8200A3936A /* Sources */ = {
			isa = PBXSourcesBuildPhase;
			buildActionMask = 2147483647;
			files = (
				C6EF3CC71D1ADB8200A3936A /* diaryUITests.swift in Sources */,
			);
			runOnlyForDeploymentPostprocessing = 0;
		};
/* End PBXSourcesBuildPhase section */

/* Begin PBXTargetDependency section */
		C6EF3CB91D1ADB8200A3936A /* PBXTargetDependency */ = {
			isa = PBXTargetDependency;
			target = C6EF3CA21D1ADB8200A3936A /* diary */;
			targetProxy = C6EF3CB81D1ADB8200A3936A /* PBXContainerItemProxy */;
		};
		C6EF3CC41D1ADB8200A3936A /* PBXTargetDependency */ = {
			isa = PBXTargetDependency;
			target = C6EF3CA21D1ADB8200A3936A /* diary */;
			targetProxy = C6EF3CC31D1ADB8200A3936A /* PBXContainerItemProxy */;
		};
/* End PBXTargetDependency section */

/* Begin PBXVariantGroup section */
		C6EF3CAA1D1ADB8200A3936A /* Main.storyboard */ = {
			isa = PBXVariantGroup;
			children = (
				C6EF3CAB1D1ADB8200A3936A /* Base */,
			);
			name = Main.storyboard;
			sourceTree = "<group>";
		};
/* End PBXVariantGroup section */

/* Begin XCBuildConfiguration section */
		C6EF3CC91D1ADB8200A3936A /* Debug */ = {
			isa = XCBuildConfiguration;
			buildSettings = {
				ALWAYS_SEARCH_USER_PATHS = NO;
				CLANG_ANALYZER_NONNULL = YES;
				CLANG_CXX_LANGUAGE_STANDARD = "gnu++0x";
				CLANG_CXX_LIBRARY = "libc++";
				CLANG_ENABLE_MODULES = YES;
				CLANG_ENABLE_OBJC_ARC = YES;
				CLANG_WARN_BOOL_CONVERSION = YES;
				CLANG_WARN_CONSTANT_CONVERSION = YES;
				CLANG_WARN_DIRECT_OBJC_ISA_USAGE = YES_ERROR;
				CLANG_WARN_EMPTY_BODY = YES;
				CLANG_WARN_ENUM_CONVERSION = YES;
				CLANG_WARN_INT_CONVERSION = YES;
				CLANG_WARN_OBJC_ROOT_CLASS = YES_ERROR;
				CLANG_WARN_UNREACHABLE_CODE = YES;
				CLANG_WARN__DUPLICATE_METHOD_MATCH = YES;
				"CODE_SIGN_IDENTITY[sdk=iphoneos*]" = "iPhone Developer";
				COPY_PHASE_STRIP = NO;
				DEBUG_INFORMATION_FORMAT = dwarf;
				ENABLE_STRICT_OBJC_MSGSEND = YES;
				ENABLE_TESTABILITY = YES;
				GCC_C_LANGUAGE_STANDARD = gnu99;
				GCC_DYNAMIC_NO_PIC = NO;
				GCC_NO_COMMON_BLOCKS = YES;
				GCC_OPTIMIZATION_LEVEL = 0;
				GCC_PREPROCESSOR_DEFINITIONS = (
					"DEBUG=1",
					"$(inherited)",
				);
				GCC_WARN_64_TO_32_BIT_CONVERSION = YES;
				GCC_WARN_ABOUT_RETURN_TYPE = YES_ERROR;
				GCC_WARN_UNDECLARED_SELECTOR = YES;
				GCC_WARN_UNINITIALIZED_AUTOS = YES_AGGRESSIVE;
				GCC_WARN_UNUSED_FUNCTION = YES;
				GCC_WARN_UNUSED_VARIABLE = YES;
				IPHONEOS_DEPLOYMENT_TARGET = 9.3;
				MTL_ENABLE_DEBUG_INFO = YES;
				ONLY_ACTIVE_ARCH = YES;
				SDKROOT = iphoneos;
				SWIFT_OPTIMIZATION_LEVEL = "-Onone";
			};
			name = Debug;
		};
		C6EF3CCA1D1ADB8200A3936A /* Release */ = {
			isa = XCBuildConfiguration;
			buildSettings = {
				ALWAYS_SEARCH_USER_PATHS = NO;
				CLANG_ANALYZER_NONNULL = YES;
				CLANG_CXX_LANGUAGE_STANDARD = "gnu++0x";
				CLANG_CXX_LIBRARY = "libc++";
				CLANG_ENABLE_MODULES = YES;
				CLANG_ENABLE_OBJC_ARC = YES;
				CLANG_WARN_BOOL_CONVERSION = YES;
				CLANG_WARN_CONSTANT_CONVERSION = YES;
				CLANG_WARN_DIRECT_OBJC_ISA_USAGE = YES_ERROR;
				CLANG_WARN_EMPTY_BODY = YES;
				CLANG_WARN_ENUM_CONVERSION = YES;
				CLANG_WARN_INT_CONVERSION = YES;
				CLANG_WARN_OBJC_ROOT_CLASS = YES_ERROR;
				CLANG_WARN_UNREACHABLE_CODE = YES;
				CLANG_WARN__DUPLICATE_METHOD_MATCH = YES;
				"CODE_SIGN_IDENTITY[sdk=iphoneos*]" = "iPhone Developer";
				COPY_PHASE_STRIP = NO;
				DEBUG_INFORMATION_FORMAT = "dwarf-with-dsym";
				ENABLE_NS_ASSERTIONS = NO;
				ENABLE_STRICT_OBJC_MSGSEND = YES;
				GCC_C_LANGUAGE_STANDARD = gnu99;
				GCC_NO_COMMON_BLOCKS = YES;
				GCC_WARN_64_TO_32_BIT_CONVERSION = YES;
				GCC_WARN_ABOUT_RETURN_TYPE = YES_ERROR;
				GCC_WARN_UNDECLARED_SELECTOR = YES;
				GCC_WARN_UNINITIALIZED_AUTOS = YES_AGGRESSIVE;
				GCC_WARN_UNUSED_FUNCTION = YES;
				GCC_WARN_UNUSED_VARIABLE = YES;
				IPHONEOS_DEPLOYMENT_TARGET = 9.3;
				MTL_ENABLE_DEBUG_INFO = NO;
				SDKROOT = iphoneos;
				VALIDATE_PRODUCT = YES;
			};
			name = Release;
		};
		C6EF3CCC1D1ADB8200A3936A /* Debug */ = {
			isa = XCBuildConfiguration;
			baseConfigurationReference = 5C6DBAAA670FDB537DD8558D /* Pods-diary.debug.xcconfig */;
			buildSettings = {
				ASSETCATALOG_COMPILER_APPICON_NAME = AppIcon;
				INFOPLIST_FILE = diary/Info.plist;
				LD_RUNPATH_SEARCH_PATHS = "$(inherited) @executable_path/Frameworks";
				PRODUCT_BUNDLE_IDENTIFIER = "---.diary";
				PRODUCT_NAME = "$(TARGET_NAME)";
			};
			name = Debug;
		};
		C6EF3CCD1D1ADB8200A3936A /* Release */ = {
			isa = XCBuildConfiguration;
			baseConfigurationReference = E8FFA6EF8B3833B3EF0FA094 /* Pods-diary.release.xcconfig */;
			buildSettings = {
				ASSETCATALOG_COMPILER_APPICON_NAME = AppIcon;
				INFOPLIST_FILE = diary/Info.plist;
				LD_RUNPATH_SEARCH_PATHS = "$(inherited) @executable_path/Frameworks";
				PRODUCT_BUNDLE_IDENTIFIER = "---.diary";
				PRODUCT_NAME = "$(TARGET_NAME)";
			};
			name = Release;
		};
		C6EF3CCF1D1ADB8200A3936A /* Debug */ = {
			isa = XCBuildConfiguration;
			baseConfigurationReference = 56FABBFF6B9F8CC9C5F88349 /* Pods-diaryTests.debug.xcconfig */;
			buildSettings = {
				BUNDLE_LOADER = "$(TEST_HOST)";
				INFOPLIST_FILE = diaryTests/Info.plist;
				LD_RUNPATH_SEARCH_PATHS = "$(inherited) @executable_path/Frameworks @loader_path/Frameworks";
				PRODUCT_BUNDLE_IDENTIFIER = "---.diaryTests";
				PRODUCT_NAME = "$(TARGET_NAME)";
				TEST_HOST = "$(BUILT_PRODUCTS_DIR)/diary.app/diary";
			};
			name = Debug;
		};
		C6EF3CD01D1ADB8200A3936A /* Release */ = {
			isa = XCBuildConfiguration;
			baseConfigurationReference = 884B69645A9D3EFB528D074C /* Pods-diaryTests.release.xcconfig */;
			buildSettings = {
				BUNDLE_LOADER = "$(TEST_HOST)";
				INFOPLIST_FILE = diaryTests/Info.plist;
				LD_RUNPATH_SEARCH_PATHS = "$(inherited) @executable_path/Frameworks @loader_path/Frameworks";
				PRODUCT_BUNDLE_IDENTIFIER = "---.diaryTests";
				PRODUCT_NAME = "$(TARGET_NAME)";
				TEST_HOST = "$(BUILT_PRODUCTS_DIR)/diary.app/diary";
			};
			name = Release;
		};
		C6EF3CD21D1ADB8200A3936A /* Debug */ = {
			isa = XCBuildConfiguration;
			baseConfigurationReference = 2CD47DB1FD615AB38DE90248 /* Pods-diaryUITests.debug.xcconfig */;
			buildSettings = {
				INFOPLIST_FILE = diaryUITests/Info.plist;
				LD_RUNPATH_SEARCH_PATHS = "$(inherited) @executable_path/Frameworks @loader_path/Frameworks";
				PRODUCT_BUNDLE_IDENTIFIER = "---.diaryUITests";
				PRODUCT_NAME = "$(TARGET_NAME)";
				TEST_TARGET_NAME = diary;
			};
			name = Debug;
		};
		C6EF3CD31D1ADB8200A3936A /* Release */ = {
			isa = XCBuildConfiguration;
			baseConfigurationReference = CEFB66937E58572B86A3F6C8 /* Pods-diaryUITests.release.xcconfig */;
			buildSettings = {
				INFOPLIST_FILE = diaryUITests/Info.plist;
				LD_RUNPATH_SEARCH_PATHS = "$(inherited) @executable_path/Frameworks @loader_path/Frameworks";
				PRODUCT_BUNDLE_IDENTIFIER = "---.diaryUITests";
				PRODUCT_NAME = "$(TARGET_NAME)";
				TEST_TARGET_NAME = diary;
			};
			name = Release;
		};
/* End XCBuildConfiguration section */

/* Begin XCConfigurationList section */
		C6EF3C9E1D1ADB8200A3936A /* Build configuration list for PBXProject "diary" */ = {
			isa = XCConfigurationList;
			buildConfigurations = (
				C6EF3CC91D1ADB8200A3936A /* Debug */,
				C6EF3CCA1D1ADB8200A3936A /* Release */,
			);
			defaultConfigurationIsVisible = 0;
			defaultConfigurationName = Release;
		};
		C6EF3CCB1D1ADB8200A3936A /* Build configuration list for PBXNativeTarget "diary" */ = {
			isa = XCConfigurationList;
			buildConfigurations = (
				C6EF3CCC1D1ADB8200A3936A /* Debug */,
				C6EF3CCD1D1ADB8200A3936A /* Release */,
			);
			defaultConfigurationIsVisible = 0;
			defaultConfigurationName = Release;
		};
		C6EF3CCE1D1ADB8200A3936A /* Build configuration list for PBXNativeTarget "diaryTests" */ = {
			isa = XCConfigurationList;
			buildConfigurations = (
				C6EF3CCF1D1ADB8200A3936A /* Debug */,
				C6EF3CD01D1ADB8200A3936A /* Release */,
			);
			defaultConfigurationIsVisible = 0;
			defaultConfigurationName = Release;
		};
		C6EF3CD11D1ADB8200A3936A /* Build configuration list for PBXNativeTarget "diaryUITests" */ = {
			isa = XCConfigurationList;
			buildConfigurations = (
				C6EF3CD21D1ADB8200A3936A /* Debug */,
				C6EF3CD31D1ADB8200A3936A /* Release */,
			);
			defaultConfigurationIsVisible = 0;
			defaultConfigurationName = Release;
		};
/* End XCConfigurationList section */
	};
	rootObject = C6EF3C9B1D1ADB8200A3936A /* Project object */;
}
